
Microsoft Visual Studio Solution File, Format Version 12.00
# Visual Studio Version 17
VisualStudioVersion = 17.8.34525.116
MinimumVisualStudioVersion = 10.0.40219.1
Project("{9A19103F-16F7-4668-BE54-9A1E7A4F7556}") = "7kyu", "7kyu\7kyu.csproj", "{564C43DB-FBBC-493D-86D7-66F3F6CEADBE}"
EndProject
Project("{9A19103F-16F7-4668-BE54-9A1E7A4F7556}") = "8kyu", "8kyu\8kyu.csproj", "{0483849A-126C-450F-ABD2-EC5EA16DAB85}"
EndProject
Global
	GlobalSection(SolutionConfigurationPlatforms) = preSolution
		Debug|Any CPU = Debug|Any CPU
		Release|Any CPU = Release|Any CPU
	EndGlobalSection
	GlobalSection(ProjectConfigurationPlatforms) = postSolution
		{564C43DB-FBBC-493D-86D7-66F3F6CEADBE}.Debug|Any CPU.ActiveCfg = Debug|Any CPU
		{564C43DB-FBBC-493D-86D7-66F3F6CEADBE}.Debug|Any CPU.Build.0 = Debug|Any CPU
		{564C43DB-FBBC-493D-86D7-66F3F6CEADBE}.Release|Any CPU.ActiveCfg = Release|Any CPU
		{564C43DB-FBBC-493D-86D7-66F3F6CEADBE}.Release|Any CPU.Build.0 = Release|Any CPU
		{0483849A-126C-450F-ABD2-EC5EA16DAB85}.Debug|Any CPU.ActiveCfg = Debug|Any CPU
		{0483849A-126C-450F-ABD2-EC5EA16DAB85}.Debug|Any CPU.Build.0 = Debug|Any CPU
		{0483849A-126C-450F-ABD2-EC5EA16DAB85}.Release|Any CPU.ActiveCfg = Release|Any CPU
		{0483849A-126C-450F-ABD2-EC5EA16DAB85}.Release|Any CPU.Build.0 = Release|Any CPU
	EndGlobalSection
	GlobalSection(SolutionProperties) = preSolution
		HideSolutionNode = FALSE
	EndGlobalSection
	GlobalSection(ExtensibilityGlobals) = postSolution
		SolutionGuid = {FFFB4E0F-A193-44D9-9BB2-17B944479E7D}
	EndGlobalSection
EndGlobal
